
Microsoft Visual Studio Solution File, Format Version 12.00
# Visual Studio Version 17
VisualStudioVersion = 17.4.33213.308
MinimumVisualStudioVersion = 10.0.40219.1
Project("{FAE04EC0-301F-11D3-BF4B-00C04F79EFBC}") = "parcial2", "parcial2.csproj", "{B207D45A-4BAE-4B33-AA30-6642B51BFB07}"
EndProject
Global
	GlobalSection(SolutionConfigurationPlatforms) = preSolution
		Debug|Any CPU = Debug|Any CPU
		Release|Any CPU = Release|Any CPU
	EndGlobalSection
	GlobalSection(ProjectConfigurationPlatforms) = postSolution
		{B207D45A-4BAE-4B33-AA30-6642B51BFB07}.Debug|Any CPU.ActiveCfg = Debug|Any CPU
		{B207D45A-4BAE-4B33-AA30-6642B51BFB07}.Debug|Any CPU.Build.0 = Debug|Any CPU
		{B207D45A-4BAE-4B33-AA30-6642B51BFB07}.Release|Any CPU.ActiveCfg = Release|Any CPU
		{B207D45A-4BAE-4B33-AA30-6642B51BFB07}.Release|Any CPU.Build.0 = Release|Any CPU
	EndGlobalSection
	GlobalSection(SolutionProperties) = preSolution
		HideSolutionNode = FALSE
	EndGlobalSection
	GlobalSection(ExtensibilityGlobals) = postSolution
		SolutionGuid = {A54EA994-EE7C-455A-9F6A-D550C42F7894}
	EndGlobalSection
EndGlobal
